
Microsoft Visual Studio Solution File, Format Version 12.00
# Visual Studio Version 17
VisualStudioVersion = 17.14.36414.22 d17.14
MinimumVisualStudioVersion = 10.0.40219.1
Project("{FAE04EC0-301F-11D3-BF4B-00C04F79EFBC}") = "nackademin24_umbraco", "nackademin24_umbraco.csproj", "{8AE5A565-5D5F-3C80-AC35-DE0FBC3DDC63}"
EndProject
Global
	GlobalSection(SolutionConfigurationPlatforms) = preSolution
		Debug|Any CPU = Debug|Any CPU
		Release|Any CPU = Release|Any CPU
	EndGlobalSection
	GlobalSection(ProjectConfigurationPlatforms) = postSolution
		{8AE5A565-5D5F-3C80-AC35-DE0FBC3DDC63}.Debug|Any CPU.ActiveCfg = Debug|Any CPU
		{8AE5A565-5D5F-3C80-AC35-DE0FBC3DDC63}.Debug|Any CPU.Build.0 = Debug|Any CPU
		{8AE5A565-5D5F-3C80-AC35-DE0FBC3DDC63}.Release|Any CPU.ActiveCfg = Release|Any CPU
		{8AE5A565-5D5F-3C80-AC35-DE0FBC3DDC63}.Release|Any CPU.Build.0 = Release|Any CPU
	EndGlobalSection
	GlobalSection(SolutionProperties) = preSolution
		HideSolutionNode = FALSE
	EndGlobalSection
	GlobalSection(ExtensibilityGlobals) = postSolution
		SolutionGuid = {58E87694-3B21-421B-95A1-5546254FB60B}
	EndGlobalSection
EndGlobal
